Microsoft Visual Studio Solution File, Format Version 10.00
# Visual Studio 2008
Project("{FAE04EC0-301F-11D3-BF4B-00C04F79EFBC}") = "axis", "axis\axis.csproj", "{71F81C75-CC5D-4639-A0F8-1578D389DA77}"
	ProjectSection(ProjectDependencies) = postProject
		{41A3C64D-F40A-421C-A8FC-5BF46EE5247C} = {41A3C64D-F40A-421C-A8FC-5BF46EE5247C}
		{12B07013-AF6E-4B7D-9B3B-639A5335BCA3} = {12B07013-AF6E-4B7D-9B3B-639A5335BCA3}
		{34B5D8D9-560B-48F5-85AC-06C62E47A637} = {34B5D8D9-560B-48F5-85AC-06C62E47A637}
		{429D69C8-B666-43D9-BFDE-A6BE1DAEC8DB} = {429D69C8-B666-43D9-BFDE-A6BE1DAEC8DB}
		{34B5D8D9-560B-48F5-85AC-06C62E47A637} = {34B5D8D9-560B-48F5-85AC-06C62E47A637}
		{12B07013-AF6E-4B7D-9B3B-639A5335BCA3} = {12B07013-AF6E-4B7D-9B3B-639A5335BCA3}
		{41A3C64D-F40A-421C-A8FC-5BF46EE5247C} = {41A3C64D-F40A-421C-A8FC-5BF46EE5247C}
	EndProjectSection
EndProject
Project("{FAE04EC0-301F-11D3-BF4B-00C04F79EFBC}") = "dlink", "dlink\dlink.csproj", "{3F476E5D-20B3-4DE6-AC8A-D85467E178CC}"
	ProjectSection(ProjectDependencies) = postProject
		{41A3C64D-F40A-421C-A8FC-5BF46EE5247C} = {41A3C64D-F40A-421C-A8FC-5BF46EE5247C}
		{12B07013-AF6E-4B7D-9B3B-639A5335BCA3} = {12B07013-AF6E-4B7D-9B3B-639A5335BCA3}
		{12B07013-AF6E-4B7D-9B3B-639A5335BCA3} = {12B07013-AF6E-4B7D-9B3B-639A5335BCA3}
		{41A3C64D-F40A-421C-A8FC-5BF46EE5247C} = {41A3C64D-F40A-421C-A8FC-5BF46EE5247C}
	EndProjectSection
EndProject
Project("{FAE04EC0-301F-11D3-BF4B-00C04F79EFBC}") = "dshow", "dshow\dshow.csproj", "{37B08AFD-F4BC-4E13-9119-537BA6A12CCB}"
EndProject
Project("{FAE04EC0-301F-11D3-BF4B-00C04F79EFBC}") = "jpeg", "jpeg\jpeg.csproj", "{12B07013-AF6E-4B7D-9B3B-639A5335BCA3}"
	ProjectSection(ProjectDependencies) = postProject
		{41A3C64D-F40A-421C-A8FC-5BF46EE5247C} = {41A3C64D-F40A-421C-A8FC-5BF46EE5247C}
		{41A3C64D-F40A-421C-A8FC-5BF46EE5247C} = {41A3C64D-F40A-421C-A8FC-5BF46EE5247C}
	EndProjectSection
EndProject
Project("{FAE04EC0-301F-11D3-BF4B-00C04F79EFBC}") = "local", "local\local.csproj", "{CB52EF88-BEC3-455F-A13A-E5FFF03C30D8}"
	ProjectSection(ProjectDependencies) = postProject
		{41A3C64D-F40A-421C-A8FC-5BF46EE5247C} = {41A3C64D-F40A-421C-A8FC-5BF46EE5247C}
		{41A3C64D-F40A-421C-A8FC-5BF46EE5247C} = {41A3C64D-F40A-421C-A8FC-5BF46EE5247C}
	EndProjectSection
EndProject
Project("{FAE04EC0-301F-11D3-BF4B-00C04F79EFBC}") = "mjpeg", "mjpeg\mjpeg.csproj", "{34B5D8D9-560B-48F5-85AC-06C62E47A637}"
	ProjectSection(ProjectDependencies) = postProject
		{41A3C64D-F40A-421C-A8FC-5BF46EE5247C} = {41A3C64D-F40A-421C-A8FC-5BF46EE5247C}
		{41A3C64D-F40A-421C-A8FC-5BF46EE5247C} = {41A3C64D-F40A-421C-A8FC-5BF46EE5247C}
	EndProjectSection
EndProject
Project("{FAE04EC0-301F-11D3-BF4B-00C04F79EFBC}") = "multisource", "multisource\multisource.csproj", "{429D69C8-B666-43D9-BFDE-A6BE1DAEC8DB}"
	ProjectSection(ProjectDependencies) = postProject
		{41A3C64D-F40A-421C-A8FC-5BF46EE5247C} = {41A3C64D-F40A-421C-A8FC-5BF46EE5247C}
		{41A3C64D-F40A-421C-A8FC-5BF46EE5247C} = {41A3C64D-F40A-421C-A8FC-5BF46EE5247C}
		{12B07013-AF6E-4B7D-9B3B-639A5335BCA3} = {12B07013-AF6E-4B7D-9B3B-639A5335BCA3}
		{34B5D8D9-560B-48F5-85AC-06C62E47A637} = {34B5D8D9-560B-48F5-85AC-06C62E47A637}
	EndProjectSection
EndProject
Project("{FAE04EC0-301F-11D3-BF4B-00C04F79EFBC}") = "panasonic", "panasonic\panasonic.csproj", "{B9E5F8F7-C682-4A42-B8D4-958FADEB1D27}"
	ProjectSection(ProjectDependencies) = postProject
		{41A3C64D-F40A-421C-A8FC-5BF46EE5247C} = {41A3C64D-F40A-421C-A8FC-5BF46EE5247C}
		{41A3C64D-F40A-421C-A8FC-5BF46EE5247C} = {41A3C64D-F40A-421C-A8FC-5BF46EE5247C}
	EndProjectSection
EndProject
Project("{FAE04EC0-301F-11D3-BF4B-00C04F79EFBC}") = "pixord", "pixord\pixord.csproj", "{EC82DDBB-D996-4BE2-A30E-B706A3CF9133}"
	ProjectSection(ProjectDependencies) = postProject
		{41A3C64D-F40A-421C-A8FC-5BF46EE5247C} = {41A3C64D-F40A-421C-A8FC-5BF46EE5247C}
		{41A3C64D-F40A-421C-A8FC-5BF46EE5247C} = {41A3C64D-F40A-421C-A8FC-5BF46EE5247C}
	EndProjectSection
EndProject
Project("{FAE04EC0-301F-11D3-BF4B-00C04F79EFBC}") = "stardot", "stardot\stardot.csproj", "{E6405F43-30E6-4F18-BD3E-9AACF1C296DD}"
	ProjectSection(ProjectDependencies) = postProject
		{41A3C64D-F40A-421C-A8FC-5BF46EE5247C} = {41A3C64D-F40A-421C-A8FC-5BF46EE5247C}
		{41A3C64D-F40A-421C-A8FC-5BF46EE5247C} = {41A3C64D-F40A-421C-A8FC-5BF46EE5247C}
	EndProjectSection
EndProject
Project("{FAE04EC0-301F-11D3-BF4B-00C04F79EFBC}") = "stream", "stream\stream.csproj", "{9931AB4F-70A8-42E3-AFF7-092D9241B522}"
	ProjectSection(ProjectDependencies) = postProject
		{41A3C64D-F40A-421C-A8FC-5BF46EE5247C} = {41A3C64D-F40A-421C-A8FC-5BF46EE5247C}
		{41A3C64D-F40A-421C-A8FC-5BF46EE5247C} = {41A3C64D-F40A-421C-A8FC-5BF46EE5247C}
	EndProjectSection
EndProject
Project("{FAE04EC0-301F-11D3-BF4B-00C04F79EFBC}") = "videosource", "videosource\videosource.csproj", "{41A3C64D-F40A-421C-A8FC-5BF46EE5247C}"
EndProject
Global
	GlobalSection(SolutionConfigurationPlatforms) = preSolution
		Debug|Any CPU = Debug|Any CPU
		Release|Any CPU = Release|Any CPU
	EndGlobalSection
	GlobalSection(ProjectConfigurationPlatforms) = postSolution
		{71F81C75-CC5D-4639-A0F8-1578D389DA77}.Debug|Any CPU.ActiveCfg = Debug|Any CPU
		{71F81C75-CC5D-4639-A0F8-1578D389DA77}.Debug|Any CPU.Build.0 = Debug|Any CPU
		{71F81C75-CC5D-4639-A0F8-1578D389DA77}.Release|Any CPU.ActiveCfg = Release|Any CPU
		{71F81C75-CC5D-4639-A0F8-1578D389DA77}.Release|Any CPU.Build.0 = Release|Any CPU
		{3F476E5D-20B3-4DE6-AC8A-D85467E178CC}.Debug|Any CPU.ActiveCfg = Debug|Any CPU
		{3F476E5D-20B3-4DE6-AC8A-D85467E178CC}.Debug|Any CPU.Build.0 = Debug|Any CPU
		{3F476E5D-20B3-4DE6-AC8A-D85467E178CC}.Release|Any CPU.ActiveCfg = Release|Any CPU
		{3F476E5D-20B3-4DE6-AC8A-D85467E178CC}.Release|Any CPU.Build.0 = Release|Any CPU
		{37B08AFD-F4BC-4E13-9119-537BA6A12CCB}.Debug|Any CPU.ActiveCfg = Debug|Any CPU
		{37B08AFD-F4BC-4E13-9119-537BA6A12CCB}.Debug|Any CPU.Build.0 = Debug|Any CPU
		{37B08AFD-F4BC-4E13-9119-537BA6A12CCB}.Release|Any CPU.ActiveCfg = Release|Any CPU
		{37B08AFD-F4BC-4E13-9119-537BA6A12CCB}.Release|Any CPU.Build.0 = Release|Any CPU
		{12B07013-AF6E-4B7D-9B3B-639A5335BCA3}.Debug|Any CPU.ActiveCfg = Debug|Any CPU
		{12B07013-AF6E-4B7D-9B3B-639A5335BCA3}.Debug|Any CPU.Build.0 = Debug|Any CPU
		{12B07013-AF6E-4B7D-9B3B-639A5335BCA3}.Release|Any CPU.ActiveCfg = Release|Any CPU
		{12B07013-AF6E-4B7D-9B3B-639A5335BCA3}.Release|Any CPU.Build.0 = Release|Any CPU
		{CB52EF88-BEC3-455F-A13A-E5FFF03C30D8}.Debug|Any CPU.ActiveCfg = Debug|Any CPU
		{CB52EF88-BEC3-455F-A13A-E5FFF03C30D8}.Debug|Any CPU.Build.0 = Debug|Any CPU
		{CB52EF88-BEC3-455F-A13A-E5FFF03C30D8}.Release|Any CPU.ActiveCfg = Release|Any CPU
		{CB52EF88-BEC3-455F-A13A-E5FFF03C30D8}.Release|Any CPU.Build.0 = Release|Any CPU
		{34B5D8D9-560B-48F5-85AC-06C62E47A637}.Debug|Any CPU.ActiveCfg = Debug|Any CPU
		{34B5D8D9-560B-48F5-85AC-06C62E47A637}.Debug|Any CPU.Build.0 = Debug|Any CPU
		{34B5D8D9-560B-48F5-85AC-06C62E47A637}.Release|Any CPU.ActiveCfg = Release|Any CPU
		{34B5D8D9-560B-48F5-85AC-06C62E47A637}.Release|Any CPU.Build.0 = Release|Any CPU
		{429D69C8-B666-43D9-BFDE-A6BE1DAEC8DB}.Debug|Any CPU.ActiveCfg = Debug|Any CPU
		{429D69C8-B666-43D9-BFDE-A6BE1DAEC8DB}.Debug|Any CPU.Build.0 = Debug|Any CPU
		{429D69C8-B666-43D9-BFDE-A6BE1DAEC8DB}.Release|Any CPU.ActiveCfg = Release|Any CPU
		{429D69C8-B666-43D9-BFDE-A6BE1DAEC8DB}.Release|Any CPU.Build.0 = Release|Any CPU
		{B9E5F8F7-C682-4A42-B8D4-958FADEB1D27}.Debug|Any CPU.ActiveCfg = Debug|Any CPU
		{B9E5F8F7-C682-4A42-B8D4-958FADEB1D27}.Debug|Any CPU.Build.0 = Debug|Any CPU
		{B9E5F8F7-C682-4A42-B8D4-958FADEB1D27}.Release|Any CPU.ActiveCfg = Release|Any CPU
		{B9E5F8F7-C682-4A42-B8D4-958FADEB1D27}.Release|Any CPU.Build.0 = Release|Any CPU
		{EC82DDBB-D996-4BE2-A30E-B706A3CF9133}.Debug|Any CPU.ActiveCfg = Debug|Any CPU
		{EC82DDBB-D996-4BE2-A30E-B706A3CF9133}.Debug|Any CPU.Build.0 = Debug|Any CPU
		{EC82DDBB-D996-4BE2-A30E-B706A3CF9133}.Release|Any CPU.ActiveCfg = Release|Any CPU
		{EC82DDBB-D996-4BE2-A30E-B706A3CF9133}.Release|Any CPU.Build.0 = Release|Any CPU
		{E6405F43-30E6-4F18-BD3E-9AACF1C296DD}.Debug|Any CPU.ActiveCfg = Debug|Any CPU
		{E6405F43-30E6-4F18-BD3E-9AACF1C296DD}.Debug|Any CPU.Build.0 = Debug|Any CPU
		{E6405F43-30E6-4F18-BD3E-9AACF1C296DD}.Release|Any CPU.ActiveCfg = Release|Any CPU
		{E6405F43-30E6-4F18-BD3E-9AACF1C296DD}.Release|Any CPU.Build.0 = Release|Any CPU
		{9931AB4F-70A8-42E3-AFF7-092D9241B522}.Debug|Any CPU.ActiveCfg = Debug|Any CPU
		{9931AB4F-70A8-42E3-AFF7-092D9241B522}.Debug|Any CPU.Build.0 = Debug|Any CPU
		{9931AB4F-70A8-42E3-AFF7-092D9241B522}.Release|Any CPU.ActiveCfg = Release|Any CPU
		{9931AB4F-70A8-42E3-AFF7-092D9241B522}.Release|Any CPU.Build.0 = Release|Any CPU
		{41A3C64D-F40A-421C-A8FC-5BF46EE5247C}.Debug|Any CPU.ActiveCfg = Debug|Any CPU
		{41A3C64D-F40A-421C-A8FC-5BF46EE5247C}.Debug|Any CPU.Build.0 = Debug|Any CPU
		{41A3C64D-F40A-421C-A8FC-5BF46EE5247C}.Release|Any CPU.ActiveCfg = Release|Any CPU
		{41A3C64D-F40A-421C-A8FC-5BF46EE5247C}.Release|Any CPU.Build.0 = Release|Any CPU
	EndGlobalSection
	GlobalSection(SolutionProperties) = preSolution
		HideSolutionNode = FALSE
	EndGlobalSection
EndGlobal
