
Microsoft Visual Studio Solution File, Format Version 10.00
# Visual Studio 2008
Project("{8BC9CEB8-8B4A-11D0-8D11-00A0C91BC942}") = "example", "example.vcproj", "{539BA890-F4F1-4F76-A183-6D1E946E6D32}"
	ProjectSection(ProjectDependencies) = postProject
		{C2D714B5-3C4E-4F9C-87A3-3D0CCEDFFF6B} = {C2D714B5-3C4E-4F9C-87A3-3D0CCEDFFF6B}
	EndProjectSection
EndProject
Project("{8BC9CEB8-8B4A-11D0-8D11-00A0C91BC942}") = "minigzip", "minigzip.vcproj", "{D8797A07-1606-4521-9A26-9CB9BE4C07EB}"
	ProjectSection(ProjectDependencies) = postProject
		{C2D714B5-3C4E-4F9C-87A3-3D0CCEDFFF6B} = {C2D714B5-3C4E-4F9C-87A3-3D0CCEDFFF6B}
	EndProjectSection
EndProject
Project("{8BC9CEB8-8B4A-11D0-8D11-00A0C91BC942}") = "zlib", "zlib.vcproj", "{C2D714B5-3C4E-4F9C-87A3-3D0CCEDFFF6B}"
EndProject
Global
	GlobalSection(SolutionConfigurationPlatforms) = preSolution
		DLL ASM Debug|Win32 = DLL ASM Debug|Win32
		DLL ASM Release|Win32 = DLL ASM Release|Win32
		DLL Debug|Win32 = DLL Debug|Win32
		DLL Release|Win32 = DLL Release|Win32
		LIB ASM Debug|Win32 = LIB ASM Debug|Win32
		LIB ASM Release|Win32 = LIB ASM Release|Win32
		LIB Debug|Win32 = LIB Debug|Win32
		LIB Release|Win32 = LIB Release|Win32
	EndGlobalSection
	GlobalSection(ProjectConfigurationPlatforms) = postSolution
		{539BA890-F4F1-4F76-A183-6D1E946E6D32}.DLL ASM Debug|Win32.ActiveCfg = DLL ASM Debug|Win32
		{539BA890-F4F1-4F76-A183-6D1E946E6D32}.DLL ASM Debug|Win32.Build.0 = DLL ASM Debug|Win32
		{539BA890-F4F1-4F76-A183-6D1E946E6D32}.DLL ASM Release|Win32.ActiveCfg = DLL ASM Release|Win32
		{539BA890-F4F1-4F76-A183-6D1E946E6D32}.DLL ASM Release|Win32.Build.0 = DLL ASM Release|Win32
		{539BA890-F4F1-4F76-A183-6D1E946E6D32}.DLL Debug|Win32.ActiveCfg = DLL Debug|Win32
		{539BA890-F4F1-4F76-A183-6D1E946E6D32}.DLL Debug|Win32.Build.0 = DLL Debug|Win32
		{539BA890-F4F1-4F76-A183-6D1E946E6D32}.DLL Release|Win32.ActiveCfg = DLL Release|Win32
		{539BA890-F4F1-4F76-A183-6D1E946E6D32}.DLL Release|Win32.Build.0 = DLL Release|Win32
		{539BA890-F4F1-4F76-A183-6D1E946E6D32}.LIB ASM Debug|Win32.ActiveCfg = LIB ASM Debug|Win32
		{539BA890-F4F1-4F76-A183-6D1E946E6D32}.LIB ASM Debug|Win32.Build.0 = LIB ASM Debug|Win32
		{539BA890-F4F1-4F76-A183-6D1E946E6D32}.LIB ASM Release|Win32.ActiveCfg = LIB ASM Release|Win32
		{539BA890-F4F1-4F76-A183-6D1E946E6D32}.LIB ASM Release|Win32.Build.0 = LIB ASM Release|Win32
		{539BA890-F4F1-4F76-A183-6D1E946E6D32}.LIB Debug|Win32.ActiveCfg = LIB Debug|Win32
		{539BA890-F4F1-4F76-A183-6D1E946E6D32}.LIB Debug|Win32.Build.0 = LIB Debug|Win32
		{539BA890-F4F1-4F76-A183-6D1E946E6D32}.LIB Release|Win32.ActiveCfg = LIB Release|Win32
		{539BA890-F4F1-4F76-A183-6D1E946E6D32}.LIB Release|Win32.Build.0 = LIB Release|Win32
		{D8797A07-1606-4521-9A26-9CB9BE4C07EB}.DLL ASM Debug|Win32.ActiveCfg = DLL ASM Debug|Win32
		{D8797A07-1606-4521-9A26-9CB9BE4C07EB}.DLL ASM Debug|Win32.Build.0 = DLL ASM Debug|Win32
		{D8797A07-1606-4521-9A26-9CB9BE4C07EB}.DLL ASM Release|Win32.ActiveCfg = DLL ASM Release|Win32
		{D8797A07-1606-4521-9A26-9CB9BE4C07EB}.DLL ASM Release|Win32.Build.0 = DLL ASM Release|Win32
		{D8797A07-1606-4521-9A26-9CB9BE4C07EB}.DLL Debug|Win32.ActiveCfg = DLL Debug|Win32
		{D8797A07-1606-4521-9A26-9CB9BE4C07EB}.DLL Debug|Win32.Build.0 = DLL Debug|Win32
		{D8797A07-1606-4521-9A26-9CB9BE4C07EB}.DLL Release|Win32.ActiveCfg = DLL Release|Win32
		{D8797A07-1606-4521-9A26-9CB9BE4C07EB}.DLL Release|Win32.Build.0 = DLL Release|Win32
		{D8797A07-1606-4521-9A26-9CB9BE4C07EB}.LIB ASM Debug|Win32.ActiveCfg = LIB ASM Debug|Win32
		{D8797A07-1606-4521-9A26-9CB9BE4C07EB}.LIB ASM Debug|Win32.Build.0 = LIB ASM Debug|Win32
		{D8797A07-1606-4521-9A26-9CB9BE4C07EB}.LIB ASM Release|Win32.ActiveCfg = LIB ASM Release|Win32
		{D8797A07-1606-4521-9A26-9CB9BE4C07EB}.LIB ASM Release|Win32.Build.0 = LIB ASM Release|Win32
		{D8797A07-1606-4521-9A26-9CB9BE4C07EB}.LIB Debug|Win32.ActiveCfg = LIB Debug|Win32
		{D8797A07-1606-4521-9A26-9CB9BE4C07EB}.LIB Debug|Win32.Build.0 = LIB Debug|Win32
		{D8797A07-1606-4521-9A26-9CB9BE4C07EB}.LIB Release|Win32.ActiveCfg = LIB Release|Win32
		{D8797A07-1606-4521-9A26-9CB9BE4C07EB}.LIB Release|Win32.Build.0 = LIB Release|Win32
		{C2D714B5-3C4E-4F9C-87A3-3D0CCEDFFF6B}.DLL ASM Debug|Win32.ActiveCfg = DLL ASM Debug|Win32
		{C2D714B5-3C4E-4F9C-87A3-3D0CCEDFFF6B}.DLL ASM Debug|Win32.Build.0 = DLL ASM Debug|Win32
		{C2D714B5-3C4E-4F9C-87A3-3D0CCEDFFF6B}.DLL ASM Release|Win32.ActiveCfg = DLL ASM Release|Win32
		{C2D714B5-3C4E-4F9C-87A3-3D0CCEDFFF6B}.DLL ASM Release|Win32.Build.0 = DLL ASM Release|Win32
		{C2D714B5-3C4E-4F9C-87A3-3D0CCEDFFF6B}.DLL Debug|Win32.ActiveCfg = DLL Debug|Win32
		{C2D714B5-3C4E-4F9C-87A3-3D0CCEDFFF6B}.DLL Debug|Win32.Build.0 = DLL Debug|Win32
		{C2D714B5-3C4E-4F9C-87A3-3D0CCEDFFF6B}.DLL Release|Win32.ActiveCfg = DLL Release|Win32
		{C2D714B5-3C4E-4F9C-87A3-3D0CCEDFFF6B}.DLL Release|Win32.Build.0 = DLL Release|Win32
		{C2D714B5-3C4E-4F9C-87A3-3D0CCEDFFF6B}.LIB ASM Debug|Win32.ActiveCfg = LIB ASM Debug|Win32
		{C2D714B5-3C4E-4F9C-87A3-3D0CCEDFFF6B}.LIB ASM Debug|Win32.Build.0 = LIB ASM Debug|Win32
		{C2D714B5-3C4E-4F9C-87A3-3D0CCEDFFF6B}.LIB ASM Release|Win32.ActiveCfg = LIB ASM Release|Win32
		{C2D714B5-3C4E-4F9C-87A3-3D0CCEDFFF6B}.LIB ASM Release|Win32.Build.0 = LIB ASM Release|Win32
		{C2D714B5-3C4E-4F9C-87A3-3D0CCEDFFF6B}.LIB Debug|Win32.ActiveCfg = LIB Debug|Win32
		{C2D714B5-3C4E-4F9C-87A3-3D0CCEDFFF6B}.LIB Debug|Win32.Build.0 = LIB Debug|Win32
		{C2D714B5-3C4E-4F9C-87A3-3D0CCEDFFF6B}.LIB Release|Win32.ActiveCfg = LIB Release|Win32
		{C2D714B5-3C4E-4F9C-87A3-3D0CCEDFFF6B}.LIB Release|Win32.Build.0 = LIB Release|Win32
	EndGlobalSection
	GlobalSection(SolutionProperties) = preSolution
		HideSolutionNode = FALSE
	EndGlobalSection
EndGlobal
