
Microsoft Visual Studio Solution File, Format Version 10.00
# Visual Studio 2008
Project("{8BC9CEB8-8B4A-11D0-8D11-00A0C91BC942}") = "RTMP", "RTMP\RTMP.vcproj", "{2498D680-DA9D-44F1-B988-206E2B72AA4D}"
EndProject
Project("{8BC9CEB8-8B4A-11D0-8D11-00A0C91BC942}") = "HTTP_Server", "HTTP_Server\HTTP_Server.vcproj", "{6CC36E75-B515-4D58-90CA-BE44868F44FF}"
EndProject
Global
	GlobalSection(SubversionScc) = preSolution
		Svn-Managed = True
		Manager = AnkhSVN - Subversion Support for Visual Studio
	EndGlobalSection
	GlobalSection(SolutionConfigurationPlatforms) = preSolution
		Debug|Win32 = Debug|Win32
		Release|Win32 = Release|Win32
	EndGlobalSection
	GlobalSection(ProjectConfigurationPlatforms) = postSolution
		{2498D680-DA9D-44F1-B988-206E2B72AA4D}.Debug|Win32.ActiveCfg = Debug|Win32
		{2498D680-DA9D-44F1-B988-206E2B72AA4D}.Debug|Win32.Build.0 = Debug|Win32
		{2498D680-DA9D-44F1-B988-206E2B72AA4D}.Release|Win32.ActiveCfg = Release|Win32
		{2498D680-DA9D-44F1-B988-206E2B72AA4D}.Release|Win32.Build.0 = Release|Win32
		{6CC36E75-B515-4D58-90CA-BE44868F44FF}.Debug|Win32.ActiveCfg = Debug|Win32
		{6CC36E75-B515-4D58-90CA-BE44868F44FF}.Debug|Win32.Build.0 = Debug|Win32
		{6CC36E75-B515-4D58-90CA-BE44868F44FF}.Release|Win32.ActiveCfg = Release|Win32
		{6CC36E75-B515-4D58-90CA-BE44868F44FF}.Release|Win32.Build.0 = Release|Win32
	EndGlobalSection
	GlobalSection(SolutionProperties) = preSolution
		HideSolutionNode = FALSE
	EndGlobalSection
EndGlobal
